
Microsoft Visual Studio Solution File, Format Version 12.00
# Visual Studio 2012
Project("{FAE04EC0-301F-11D3-BF4B-00C04F79EFBC}") = "SDC.Coach", "SDC.Coach\SDC.Coach.csproj", "{14482441-00FF-4431-9FDA-6E7C6C4B92F4}"
EndProject
Project("{FAE04EC0-301F-11D3-BF4B-00C04F79EFBC}") = "SDC.Coach.Droid", "SDC.Coach.Droid\SDC.Coach.Droid.csproj", "{937BB57C-1777-4BAB-BA51-EDDEBFE5D5D5}"
EndProject
Project("{FAE04EC0-301F-11D3-BF4B-00C04F79EFBC}") = "SDC.Coach.iOS", "SDC.Coach.iOS\SDC.Coach.iOS.csproj", "{0933E8F6-C3DE-4581-9851-7DAA723273C9}"
EndProject
Global
	GlobalSection(SolutionConfigurationPlatforms) = preSolution
		Debug|Any CPU = Debug|Any CPU
		Release|Any CPU = Release|Any CPU
		Debug|iPhoneSimulator = Debug|iPhoneSimulator
		Release|iPhone = Release|iPhone
		Release|iPhoneSimulator = Release|iPhoneSimulator
		Debug|iPhone = Debug|iPhone
	EndGlobalSection
	GlobalSection(ProjectConfigurationPlatforms) = postSolution
		{14482441-00FF-4431-9FDA-6E7C6C4B92F4}.Debug|Any CPU.ActiveCfg = Debug|Any CPU
		{14482441-00FF-4431-9FDA-6E7C6C4B92F4}.Debug|Any CPU.Build.0 = Debug|Any CPU
		{14482441-00FF-4431-9FDA-6E7C6C4B92F4}.Release|Any CPU.ActiveCfg = Release|Any CPU
		{14482441-00FF-4431-9FDA-6E7C6C4B92F4}.Release|Any CPU.Build.0 = Release|Any CPU
		{14482441-00FF-4431-9FDA-6E7C6C4B92F4}.Debug|iPhoneSimulator.ActiveCfg = Debug|Any CPU
		{14482441-00FF-4431-9FDA-6E7C6C4B92F4}.Debug|iPhoneSimulator.Build.0 = Debug|Any CPU
		{14482441-00FF-4431-9FDA-6E7C6C4B92F4}.Release|iPhone.ActiveCfg = Release|Any CPU
		{14482441-00FF-4431-9FDA-6E7C6C4B92F4}.Release|iPhone.Build.0 = Release|Any CPU
		{14482441-00FF-4431-9FDA-6E7C6C4B92F4}.Release|iPhoneSimulator.ActiveCfg = Release|Any CPU
		{14482441-00FF-4431-9FDA-6E7C6C4B92F4}.Release|iPhoneSimulator.Build.0 = Release|Any CPU
		{14482441-00FF-4431-9FDA-6E7C6C4B92F4}.Debug|iPhone.ActiveCfg = Debug|Any CPU
		{14482441-00FF-4431-9FDA-6E7C6C4B92F4}.Debug|iPhone.Build.0 = Debug|Any CPU
		{937BB57C-1777-4BAB-BA51-EDDEBFE5D5D5}.Debug|Any CPU.ActiveCfg = Debug|Any CPU
		{937BB57C-1777-4BAB-BA51-EDDEBFE5D5D5}.Debug|Any CPU.Build.0 = Debug|Any CPU
		{937BB57C-1777-4BAB-BA51-EDDEBFE5D5D5}.Release|Any CPU.ActiveCfg = Release|Any CPU
		{937BB57C-1777-4BAB-BA51-EDDEBFE5D5D5}.Release|Any CPU.Build.0 = Release|Any CPU
		{937BB57C-1777-4BAB-BA51-EDDEBFE5D5D5}.Debug|iPhoneSimulator.ActiveCfg = Debug|Any CPU
		{937BB57C-1777-4BAB-BA51-EDDEBFE5D5D5}.Debug|iPhoneSimulator.Build.0 = Debug|Any CPU
		{937BB57C-1777-4BAB-BA51-EDDEBFE5D5D5}.Release|iPhone.ActiveCfg = Release|Any CPU
		{937BB57C-1777-4BAB-BA51-EDDEBFE5D5D5}.Release|iPhone.Build.0 = Release|Any CPU
		{937BB57C-1777-4BAB-BA51-EDDEBFE5D5D5}.Release|iPhoneSimulator.ActiveCfg = Release|Any CPU
		{937BB57C-1777-4BAB-BA51-EDDEBFE5D5D5}.Release|iPhoneSimulator.Build.0 = Release|Any CPU
		{937BB57C-1777-4BAB-BA51-EDDEBFE5D5D5}.Debug|iPhone.ActiveCfg = Debug|Any CPU
		{937BB57C-1777-4BAB-BA51-EDDEBFE5D5D5}.Debug|iPhone.Build.0 = Debug|Any CPU
		{0933E8F6-C3DE-4581-9851-7DAA723273C9}.Debug|Any CPU.ActiveCfg = Debug|iPhoneSimulator
		{0933E8F6-C3DE-4581-9851-7DAA723273C9}.Release|Any CPU.ActiveCfg = Release|iPhone
		{0933E8F6-C3DE-4581-9851-7DAA723273C9}.Release|Any CPU.Build.0 = Release|iPhone
		{0933E8F6-C3DE-4581-9851-7DAA723273C9}.Debug|iPhoneSimulator.ActiveCfg = Debug|iPhoneSimulator
		{0933E8F6-C3DE-4581-9851-7DAA723273C9}.Debug|iPhoneSimulator.Build.0 = Debug|iPhoneSimulator
		{0933E8F6-C3DE-4581-9851-7DAA723273C9}.Release|iPhone.ActiveCfg = Release|iPhone
		{0933E8F6-C3DE-4581-9851-7DAA723273C9}.Release|iPhone.Build.0 = Release|iPhone
		{0933E8F6-C3DE-4581-9851-7DAA723273C9}.Release|iPhoneSimulator.ActiveCfg = Release|iPhoneSimulator
		{0933E8F6-C3DE-4581-9851-7DAA723273C9}.Release|iPhoneSimulator.Build.0 = Release|iPhoneSimulator
		{0933E8F6-C3DE-4581-9851-7DAA723273C9}.Debug|iPhone.ActiveCfg = Debug|iPhone
		{0933E8F6-C3DE-4581-9851-7DAA723273C9}.Debug|iPhone.Build.0 = Debug|iPhone
	EndGlobalSection
EndGlobal
